
Microsoft Visual Studio Solution File, Format Version 12.00
# Visual Studio Express 2012 for Windows Desktop
Project("{FAE04EC0-301F-11D3-BF4B-00C04F79EFBC}") = "MMLib", "MMLib\MMLib.csproj", "{736A28B2-DCCF-4625-9EA0-80C54E0D5800}"
EndProject
Global
	GlobalSection(TeamFoundationVersionControl) = preSolution
		SccNumberOfProjects = 2
		SccEnterpriseProvider = {4CA58AB2-18FA-4F8D-95D4-32DDF27D184C}
		SccTeamFoundationServer = https://tfs.codeplex.com/tfs/tfs36
		SccLocalPath0 = .
		SccProjectUniqueName1 = MMLib\\MMLib.csproj
		SccProjectName1 = MMLib
		SccLocalPath1 = MMLib
	EndGlobalSection
	GlobalSection(SolutionConfigurationPlatforms) = preSolution
		Debug|Any CPU = Debug|Any CPU
		Release|Any CPU = Release|Any CPU
	EndGlobalSection
	GlobalSection(ProjectConfigurationPlatforms) = postSolution
		{736A28B2-DCCF-4625-9EA0-80C54E0D5800}.Debug|Any CPU.ActiveCfg = Debug|Any CPU
		{736A28B2-DCCF-4625-9EA0-80C54E0D5800}.Debug|Any CPU.Build.0 = Debug|Any CPU
		{736A28B2-DCCF-4625-9EA0-80C54E0D5800}.Release|Any CPU.ActiveCfg = Release|Any CPU
		{736A28B2-DCCF-4625-9EA0-80C54E0D5800}.Release|Any CPU.Build.0 = Release|Any CPU
	EndGlobalSection
	GlobalSection(SolutionProperties) = preSolution
		HideSolutionNode = FALSE
	EndGlobalSection
EndGlobal
