
Microsoft Visual Studio Solution File, Format Version 12.00
# Visual Studio Express 2012 for Windows Desktop
Project("{FAE04EC0-301F-11D3-BF4B-00C04F79EFBC}") = "MMLib.Core", "MMLib\MMLib.Core.csproj", "{DCAB5FCB-A6BE-44BF-A440-64561101FA3E}"
EndProject
Project("{FAE04EC0-301F-11D3-BF4B-00C04F79EFBC}") = "MMLib.Extensions", "MMLib.Extensions\MMLib.Extensions.csproj", "{F355B0C6-7328-41D7-9BFE-E3009705A53E}"
EndProject
Project("{FAE04EC0-301F-11D3-BF4B-00C04F79EFBC}") = "MMLib.Extensions.Test", "MMLib.Extensions.Test\MMLib.Extensions.Test.csproj", "{DE9877E7-AAB9-4A81-ACC0-F5472AD1A5ED}"
EndProject
Project("{FAE04EC0-301F-11D3-BF4B-00C04F79EFBC}") = "MMLib.RapidPrototyping", "MMLib.RapidPrototyping\MMLib.RapidPrototyping.csproj", "{55D23531-9A8D-46A7-A5FB-28109CD4B2EE}"
EndProject
Project("{FAE04EC0-301F-11D3-BF4B-00C04F79EFBC}") = "MMLib.RapidPrototyping.Test", "MMLib.RapidPrototyping.Test\MMLib.RapidPrototyping.Test.csproj", "{42DC8504-13DF-4280-9938-6B7D833FAB73}"
EndProject
Project("{FAE04EC0-301F-11D3-BF4B-00C04F79EFBC}") = "MMLib.Collection", "MMLib.Collection\MMLib.Collection.csproj", "{E473E4DE-0B51-4365-9490-0F98D1C08E6B}"
EndProject
Project("{FAE04EC0-301F-11D3-BF4B-00C04F79EFBC}") = "MMLib.Collection.Test", "MMLib.Collection.Test\MMLib.Collection.Test.csproj", "{F0C7A445-C618-404F-A6CD-931E3A06EF68}"
EndProject
Project("{FAE04EC0-301F-11D3-BF4B-00C04F79EFBC}") = "MMLib.MVVM", "MMLib.MVVM\MMLib.MVVM.csproj", "{AE3DBB55-314B-48B0-8F2E-A93649A560A4}"
EndProject
Project("{FAE04EC0-301F-11D3-BF4B-00C04F79EFBC}") = "MMLib.Core.Test", "MMLib.Core.Test\MMLib.Core.Test.csproj", "{7B73C9A1-D5A9-487E-B239-61CD2A715314}"
EndProject
Project("{FAE04EC0-301F-11D3-BF4B-00C04F79EFBC}") = "MMLib.MVVM.Test", "MMLib.MVVM.Test\MMLib.MVVM.Test.csproj", "{634F1205-3360-49E2-AE12-13C385FDF749}"
EndProject
Project("{FAE04EC0-301F-11D3-BF4B-00C04F79EFBC}") = "MMLib.WPF", "MMLib.WPF\MMLib.WPF.csproj", "{5F4F6258-86E2-4850-9C80-E7D4EECBBE98}"
EndProject
Project("{FAE04EC0-301F-11D3-BF4B-00C04F79EFBC}") = "MMLib.WPF.Test", "MMLib.WPF.Test\MMLib.WPF.Test.csproj", "{4FA3B136-71F5-4C61-BCA2-8F3AE8CAED54}"
EndProject
Project("{FAE04EC0-301F-11D3-BF4B-00C04F79EFBC}") = "WPFDemoApp", "WPFDemoApp\WPFDemoApp.csproj", "{F57B9729-5A42-4116-955B-7E9FA79639FC}"
EndProject
Global
	GlobalSection(TeamFoundationVersionControl) = preSolution
		SccNumberOfProjects = 14
		SccEnterpriseProvider = {4CA58AB2-18FA-4F8D-95D4-32DDF27D184C}
		SccTeamFoundationServer = https://tfs.codeplex.com/tfs/tfs36
		SccLocalPath0 = .
		SccProjectUniqueName1 = MMLib.Extensions.Test\\MMLib.Extensions.Test.csproj
		SccProjectName1 = MMLib.Extensions.Test
		SccLocalPath1 = MMLib.Extensions.Test
		SccProjectUniqueName2 = MMLib.Extensions\\MMLib.Extensions.csproj
		SccProjectName2 = MMLib.Extensions
		SccLocalPath2 = MMLib.Extensions
		SccProjectUniqueName3 = MMLib.RapidPrototyping.Test\\MMLib.RapidPrototyping.Test.csproj
		SccProjectName3 = MMLib.RapidPrototyping.Test
		SccLocalPath3 = MMLib.RapidPrototyping.Test
		SccProjectUniqueName4 = MMLib.RapidPrototyping\\MMLib.RapidPrototyping.csproj
		SccProjectName4 = MMLib.RapidPrototyping
		SccLocalPath4 = MMLib.RapidPrototyping
		SccProjectUniqueName5 = MMLib.Collection\\MMLib.Collection.csproj
		SccProjectName5 = MMLib.Collection
		SccLocalPath5 = MMLib.Collection
		SccProjectUniqueName6 = MMLib.Collection.Test\\MMLib.Collection.Test.csproj
		SccProjectName6 = MMLib.Collection.Test
		SccLocalPath6 = MMLib.Collection.Test
		SccProjectUniqueName7 = MMLib.MVVM\\MMLib.MVVM.csproj
		SccProjectName7 = MMLib.MVVM
		SccLocalPath7 = MMLib.MVVM
		SccProjectUniqueName8 = MMLib\\MMLib.Core.csproj
		SccProjectName8 = MMLib
		SccLocalPath8 = MMLib
		SccProjectUniqueName9 = MMLib.Core.Test\\MMLib.Core.Test.csproj
		SccProjectName9 = MMLib.Core.Test
		SccLocalPath9 = MMLib.Core.Test
		SccProjectUniqueName10 = MMLib.MVVM.Test\\MMLib.MVVM.Test.csproj
		SccProjectName10 = MMLib.MVVM.Test
		SccLocalPath10 = MMLib.MVVM.Test
		SccProjectUniqueName11 = MMLib.WPF\\MMLib.WPF.csproj
		SccProjectName11 = MMLib.WPF
		SccLocalPath11 = MMLib.WPF
		SccProjectUniqueName12 = MMLib.WPF.Test\\MMLib.WPF.Test.csproj
		SccProjectName12 = MMLib.WPF.Test
		SccLocalPath12 = MMLib.WPF.Test
		SccProjectUniqueName13 = WPFDemoApp\\WPFDemoApp.csproj
		SccProjectName13 = WPFDemoApp
		SccLocalPath13 = WPFDemoApp
	EndGlobalSection
	GlobalSection(SolutionConfigurationPlatforms) = preSolution
		Debug|Any CPU = Debug|Any CPU
		Release|Any CPU = Release|Any CPU
	EndGlobalSection
	GlobalSection(ProjectConfigurationPlatforms) = postSolution
		{DCAB5FCB-A6BE-44BF-A440-64561101FA3E}.Debug|Any CPU.ActiveCfg = Debug|Any CPU
		{DCAB5FCB-A6BE-44BF-A440-64561101FA3E}.Debug|Any CPU.Build.0 = Debug|Any CPU
		{DCAB5FCB-A6BE-44BF-A440-64561101FA3E}.Release|Any CPU.ActiveCfg = Release|Any CPU
		{DCAB5FCB-A6BE-44BF-A440-64561101FA3E}.Release|Any CPU.Build.0 = Release|Any CPU
		{F355B0C6-7328-41D7-9BFE-E3009705A53E}.Debug|Any CPU.ActiveCfg = Debug|Any CPU
		{F355B0C6-7328-41D7-9BFE-E3009705A53E}.Debug|Any CPU.Build.0 = Debug|Any CPU
		{F355B0C6-7328-41D7-9BFE-E3009705A53E}.Release|Any CPU.ActiveCfg = Release|Any CPU
		{F355B0C6-7328-41D7-9BFE-E3009705A53E}.Release|Any CPU.Build.0 = Release|Any CPU
		{DE9877E7-AAB9-4A81-ACC0-F5472AD1A5ED}.Debug|Any CPU.ActiveCfg = Debug|Any CPU
		{DE9877E7-AAB9-4A81-ACC0-F5472AD1A5ED}.Debug|Any CPU.Build.0 = Debug|Any CPU
		{DE9877E7-AAB9-4A81-ACC0-F5472AD1A5ED}.Release|Any CPU.ActiveCfg = Release|Any CPU
		{DE9877E7-AAB9-4A81-ACC0-F5472AD1A5ED}.Release|Any CPU.Build.0 = Release|Any CPU
		{55D23531-9A8D-46A7-A5FB-28109CD4B2EE}.Debug|Any CPU.ActiveCfg = Debug|Any CPU
		{55D23531-9A8D-46A7-A5FB-28109CD4B2EE}.Debug|Any CPU.Build.0 = Debug|Any CPU
		{55D23531-9A8D-46A7-A5FB-28109CD4B2EE}.Release|Any CPU.ActiveCfg = Release|Any CPU
		{55D23531-9A8D-46A7-A5FB-28109CD4B2EE}.Release|Any CPU.Build.0 = Release|Any CPU
		{42DC8504-13DF-4280-9938-6B7D833FAB73}.Debug|Any CPU.ActiveCfg = Debug|Any CPU
		{42DC8504-13DF-4280-9938-6B7D833FAB73}.Debug|Any CPU.Build.0 = Debug|Any CPU
		{42DC8504-13DF-4280-9938-6B7D833FAB73}.Release|Any CPU.ActiveCfg = Release|Any CPU
		{42DC8504-13DF-4280-9938-6B7D833FAB73}.Release|Any CPU.Build.0 = Release|Any CPU
		{E473E4DE-0B51-4365-9490-0F98D1C08E6B}.Debug|Any CPU.ActiveCfg = Debug|Any CPU
		{E473E4DE-0B51-4365-9490-0F98D1C08E6B}.Debug|Any CPU.Build.0 = Debug|Any CPU
		{E473E4DE-0B51-4365-9490-0F98D1C08E6B}.Release|Any CPU.ActiveCfg = Release|Any CPU
		{E473E4DE-0B51-4365-9490-0F98D1C08E6B}.Release|Any CPU.Build.0 = Release|Any CPU
		{F0C7A445-C618-404F-A6CD-931E3A06EF68}.Debug|Any CPU.ActiveCfg = Debug|Any CPU
		{F0C7A445-C618-404F-A6CD-931E3A06EF68}.Debug|Any CPU.Build.0 = Debug|Any CPU
		{F0C7A445-C618-404F-A6CD-931E3A06EF68}.Release|Any CPU.ActiveCfg = Release|Any CPU
		{F0C7A445-C618-404F-A6CD-931E3A06EF68}.Release|Any CPU.Build.0 = Release|Any CPU
		{AE3DBB55-314B-48B0-8F2E-A93649A560A4}.Debug|Any CPU.ActiveCfg = Debug|Any CPU
		{AE3DBB55-314B-48B0-8F2E-A93649A560A4}.Debug|Any CPU.Build.0 = Debug|Any CPU
		{AE3DBB55-314B-48B0-8F2E-A93649A560A4}.Release|Any CPU.ActiveCfg = Release|Any CPU
		{AE3DBB55-314B-48B0-8F2E-A93649A560A4}.Release|Any CPU.Build.0 = Release|Any CPU
		{7B73C9A1-D5A9-487E-B239-61CD2A715314}.Debug|Any CPU.ActiveCfg = Debug|Any CPU
		{7B73C9A1-D5A9-487E-B239-61CD2A715314}.Debug|Any CPU.Build.0 = Debug|Any CPU
		{7B73C9A1-D5A9-487E-B239-61CD2A715314}.Release|Any CPU.ActiveCfg = Release|Any CPU
		{7B73C9A1-D5A9-487E-B239-61CD2A715314}.Release|Any CPU.Build.0 = Release|Any CPU
		{634F1205-3360-49E2-AE12-13C385FDF749}.Debug|Any CPU.ActiveCfg = Debug|Any CPU
		{634F1205-3360-49E2-AE12-13C385FDF749}.Debug|Any CPU.Build.0 = Debug|Any CPU
		{634F1205-3360-49E2-AE12-13C385FDF749}.Release|Any CPU.ActiveCfg = Release|Any CPU
		{634F1205-3360-49E2-AE12-13C385FDF749}.Release|Any CPU.Build.0 = Release|Any CPU
		{5F4F6258-86E2-4850-9C80-E7D4EECBBE98}.Debug|Any CPU.ActiveCfg = Debug|Any CPU
		{5F4F6258-86E2-4850-9C80-E7D4EECBBE98}.Debug|Any CPU.Build.0 = Debug|Any CPU
		{5F4F6258-86E2-4850-9C80-E7D4EECBBE98}.Release|Any CPU.ActiveCfg = Release|Any CPU
		{5F4F6258-86E2-4850-9C80-E7D4EECBBE98}.Release|Any CPU.Build.0 = Release|Any CPU
		{4FA3B136-71F5-4C61-BCA2-8F3AE8CAED54}.Debug|Any CPU.ActiveCfg = Debug|Any CPU
		{4FA3B136-71F5-4C61-BCA2-8F3AE8CAED54}.Debug|Any CPU.Build.0 = Debug|Any CPU
		{4FA3B136-71F5-4C61-BCA2-8F3AE8CAED54}.Release|Any CPU.ActiveCfg = Release|Any CPU
		{4FA3B136-71F5-4C61-BCA2-8F3AE8CAED54}.Release|Any CPU.Build.0 = Release|Any CPU
		{F57B9729-5A42-4116-955B-7E9FA79639FC}.Debug|Any CPU.ActiveCfg = Debug|Any CPU
		{F57B9729-5A42-4116-955B-7E9FA79639FC}.Debug|Any CPU.Build.0 = Debug|Any CPU
		{F57B9729-5A42-4116-955B-7E9FA79639FC}.Release|Any CPU.ActiveCfg = Release|Any CPU
		{F57B9729-5A42-4116-955B-7E9FA79639FC}.Release|Any CPU.Build.0 = Release|Any CPU
	EndGlobalSection
	GlobalSection(SolutionProperties) = preSolution
		HideSolutionNode = FALSE
	EndGlobalSection
	GlobalSection(ExtensibilityGlobals) = postSolution
		EnterpriseLibraryConfigurationToolBinariesPath = packages\Unity.2.1.505.2\lib\NET35
	EndGlobalSection
EndGlobal
