
Microsoft Visual Studio Solution File, Format Version 12.00
# Visual Studio 2012
Project("{FAE04EC0-301F-11D3-BF4B-00C04F79EFBC}") = "SHotkey", "SHotkey\SHotkey.csproj", "{465CDF99-632B-4F08-8AD9-548A748A5FC4}"
EndProject
Global
	GlobalSection(TeamFoundationVersionControl) = preSolution
		SccNumberOfProjects = 2
		SccEnterpriseProvider = {4CA58AB2-18FA-4F8D-95D4-32DDF27D184C}
		SccTeamFoundationServer = https://tfs.codeplex.com/tfs/tfs36
		SccLocalPath0 = .
		SccProjectUniqueName1 = SHotkey\\SHotkey.csproj
		SccProjectName1 = SHotkey
		SccLocalPath1 = SHotkey
	EndGlobalSection
	GlobalSection(SolutionConfigurationPlatforms) = preSolution
		Debug|Any CPU = Debug|Any CPU
		Release|Any CPU = Release|Any CPU
	EndGlobalSection
	GlobalSection(ProjectConfigurationPlatforms) = postSolution
		{465CDF99-632B-4F08-8AD9-548A748A5FC4}.Debug|Any CPU.ActiveCfg = Debug|Any CPU
		{465CDF99-632B-4F08-8AD9-548A748A5FC4}.Debug|Any CPU.Build.0 = Debug|Any CPU
		{465CDF99-632B-4F08-8AD9-548A748A5FC4}.Release|Any CPU.ActiveCfg = Release|Any CPU
		{465CDF99-632B-4F08-8AD9-548A748A5FC4}.Release|Any CPU.Build.0 = Release|Any CPU
	EndGlobalSection
	GlobalSection(SolutionProperties) = preSolution
		HideSolutionNode = FALSE
	EndGlobalSection
	GlobalSection(ExtensibilityGlobals) = postSolution
		EnterpriseLibraryConfigurationToolBinariesPath = packages\Unity.2.1.505.2\lib\NET35
	EndGlobalSection
EndGlobal
